
Microsoft Visual Studio Solution File, Format Version 12.00
# Visual Studio 15
VisualStudioVersion = 15.0.28010.2050
MinimumVisualStudioVersion = 10.0.40219.1
Project("{FAE04EC0-301F-11D3-BF4B-00C04F79EFBC}") = "cw1", "cw1\cw1.csproj", "{EFDC7B79-78DA-4832-A166-B8FC696ADDC3}"
EndProject
Global
	GlobalSection(SolutionConfigurationPlatforms) = preSolution
		Debug|Any CPU = Debug|Any CPU
		Release|Any CPU = Release|Any CPU
	EndGlobalSection
	GlobalSection(ProjectConfigurationPlatforms) = postSolution
		{EFDC7B79-78DA-4832-A166-B8FC696ADDC3}.Debug|Any CPU.ActiveCfg = Debug|Any CPU
		{EFDC7B79-78DA-4832-A166-B8FC696ADDC3}.Debug|Any CPU.Build.0 = Debug|Any CPU
		{EFDC7B79-78DA-4832-A166-B8FC696ADDC3}.Release|Any CPU.ActiveCfg = Release|Any CPU
		{EFDC7B79-78DA-4832-A166-B8FC696ADDC3}.Release|Any CPU.Build.0 = Release|Any CPU
	EndGlobalSection
	GlobalSection(SolutionProperties) = preSolution
		HideSolutionNode = FALSE
	EndGlobalSection
	GlobalSection(ExtensibilityGlobals) = postSolution
		SolutionGuid = {C4A3F74A-CDBF-4FB4-A5B3-A527DCDE0CFE}
	EndGlobalSection
EndGlobal
