
Microsoft Visual Studio Solution File, Format Version 12.00
# Visual Studio 15
VisualStudioVersion = 15.0.28010.2050
MinimumVisualStudioVersion = 10.0.40219.1
Project("{FAE04EC0-301F-11D3-BF4B-00C04F79EFBC}") = "cw3", "cw3\cw3.csproj", "{AA12FF9A-5B6E-4123-8961-B034EC96BB48}"
EndProject
Global
	GlobalSection(SolutionConfigurationPlatforms) = preSolution
		Debug|Any CPU = Debug|Any CPU
		Release|Any CPU = Release|Any CPU
	EndGlobalSection
	GlobalSection(ProjectConfigurationPlatforms) = postSolution
		{AA12FF9A-5B6E-4123-8961-B034EC96BB48}.Debug|Any CPU.ActiveCfg = Debug|Any CPU
		{AA12FF9A-5B6E-4123-8961-B034EC96BB48}.Debug|Any CPU.Build.0 = Debug|Any CPU
		{AA12FF9A-5B6E-4123-8961-B034EC96BB48}.Release|Any CPU.ActiveCfg = Release|Any CPU
		{AA12FF9A-5B6E-4123-8961-B034EC96BB48}.Release|Any CPU.Build.0 = Release|Any CPU
	EndGlobalSection
	GlobalSection(SolutionProperties) = preSolution
		HideSolutionNode = FALSE
	EndGlobalSection
	GlobalSection(ExtensibilityGlobals) = postSolution
		SolutionGuid = {36BFC291-988D-4D2A-85D3-0EAD5890B677}
	EndGlobalSection
EndGlobal
