
Microsoft Visual Studio Solution File, Format Version 12.00
# Visual Studio 15
VisualStudioVersion = 15.0.28010.2050
MinimumVisualStudioVersion = 10.0.40219.1
Project("{FAE04EC0-301F-11D3-BF4B-00C04F79EFBC}") = "cw10", "cw10\cw10.csproj", "{B49E2194-F743-42E2-8251-28A27D1C5439}"
EndProject
Global
	GlobalSection(SolutionConfigurationPlatforms) = preSolution
		Debug|Any CPU = Debug|Any CPU
		Release|Any CPU = Release|Any CPU
	EndGlobalSection
	GlobalSection(ProjectConfigurationPlatforms) = postSolution
		{B49E2194-F743-42E2-8251-28A27D1C5439}.Debug|Any CPU.ActiveCfg = Debug|Any CPU
		{B49E2194-F743-42E2-8251-28A27D1C5439}.Debug|Any CPU.Build.0 = Debug|Any CPU
		{B49E2194-F743-42E2-8251-28A27D1C5439}.Release|Any CPU.ActiveCfg = Release|Any CPU
		{B49E2194-F743-42E2-8251-28A27D1C5439}.Release|Any CPU.Build.0 = Release|Any CPU
	EndGlobalSection
	GlobalSection(SolutionProperties) = preSolution
		HideSolutionNode = FALSE
	EndGlobalSection
	GlobalSection(ExtensibilityGlobals) = postSolution
		SolutionGuid = {8C41158E-799E-4822-8469-8D63F81B6036}
	EndGlobalSection
EndGlobal
